// !$*UTF8*$!
{
	archiveVersion = 1;
	classes = {
	};
	objectVersion = 46;
	objects = {

/* Begin PBXBuildFile section */
		F04711201AADAD57005DF7AB /* main.m in Sources */ = {isa = PBXBuildFile; fileRef = F047111F1AADAD57005DF7AB /* main.m */; };
		F04711281AADEA3A005DF7AB /* PathGraph.m in Sources */ = {isa = PBXBuildFile; fileRef = F04711271AADEA3A005DF7AB /* PathGraph.m */; };
		F047112B1AAE0856005DF7AB /* PathNode.m in Sources */ = {isa = PBXBuildFile; fileRef = F047112A1AAE0856005DF7AB /* PathNode.m */; };
		F047112E1AAE087B005DF7AB /* PathEdge.m in Sources */ = {isa = PBXBuildFile; fileRef = F047112D1AAE087B005DF7AB /* PathEdge.m */; };
/* End PBXBuildFile section */

/* Begin PBXCopyFilesBuildPhase section */
		F047111A1AADAD57005DF7AB /* CopyFiles */ = {
			isa = PBXCopyFilesBuildPhase;
			buildActionMask = 2147483647;
			dstPath = /usr/share/man/man1/;
			dstSubfolderSpec = 0;
			files = (
			);
			runOnlyForDeploymentPostprocessing = 1;
		};
/* End PBXCopyFilesBuildPhase section */

/* Begin PBXFileReference section */
		F047111C1AADAD57005DF7AB /* OptimiseRoute */ = {isa = PBXFileReference; explicitFileType = "compiled.mach-o.executable"; includeInIndex = 0; path = OptimiseRoute; sourceTree = BUILT_PRODUCTS_DIR; };
		F047111F1AADAD57005DF7AB /* main.m */ = {isa = PBXFileReference; lastKnownFileType = sourcecode.c.objc; path = main.m; sourceTree = "<group>"; };
		F04711261AADEA3A005DF7AB /* PathGraph.h */ = {isa = PBXFileReference; fileEncoding = 4; lastKnownFileType = sourcecode.c.h; path = PathGraph.h; sourceTree = "<group>"; };
		F04711271AADEA3A005DF7AB /* PathGraph.m */ = {isa = PBXFileReference; fileEncoding = 4; lastKnownFileType = sourcecode.c.objc; path = PathGraph.m; sourceTree = "<group>"; };
		F04711291AAE0856005DF7AB /* PathNode.h */ = {isa = PBXFileReference; fileEncoding = 4; lastKnownFileType = sourcecode.c.h; path = PathNode.h; sourceTree = "<group>"; };
		F047112A1AAE0856005DF7AB /* PathNode.m */ = {isa = PBXFileReference; fileEncoding = 4; lastKnownFileType = sourcecode.c.objc; path = PathNode.m; sourceTree = "<group>"; };
		F047112C1AAE087B005DF7AB /* PathEdge.h */ = {isa = PBXFileReference; fileEncoding = 4; lastKnownFileType = sourcecode.c.h; path = PathEdge.h; sourceTree = "<group>"; };
		F047112D1AAE087B005DF7AB /* PathEdge.m */ = {isa = PBXFileReference; fileEncoding = 4; lastKnownFileType = sourcecode.c.objc; path = PathEdge.m; sourceTree = "<group>"; };
/* End PBXFileReference section */

/* Begin PBXFrameworksBuildPhase section */
		F04711191AADAD57005DF7AB /* Frameworks */ = {
			isa = PBXFrameworksBuildPhase;
			buildActionMask = 2147483647;
			files = (
			);
			runOnlyForDeploymentPostprocessing = 0;
		};
/* End PBXFrameworksBuildPhase section */

/* Begin PBXGroup section */
		F04711131AADAD57005DF7AB = {
			isa = PBXGroup;
			children = (
				F047111E1AADAD57005DF7AB /* OptimiseRoute */,
				F047111D1AADAD57005DF7AB /* Products */,
			);
			sourceTree = "<group>";
		};
		F047111D1AADAD57005DF7AB /* Products */ = {
			isa = PBXGroup;
			children = (
				F047111C1AADAD57005DF7AB /* OptimiseRoute */,
			);
			name = Products;
			sourceTree = "<group>";
		};
		F047111E1AADAD57005DF7AB /* OptimiseRoute */ = {
			isa = PBXGroup;
			children = (
				F047112F1AAE0C94005DF7AB /* Graph */,
				F047111F1AADAD57005DF7AB /* main.m */,
			);
			path = OptimiseRoute;
			sourceTree = "<group>";
		};
		F047112F1AAE0C94005DF7AB /* Graph */ = {
			isa = PBXGroup;
			children = (
				F04711261AADEA3A005DF7AB /* PathGraph.h */,
				F04711271AADEA3A005DF7AB /* PathGraph.m */,
				F047112C1AAE087B005DF7AB /* PathEdge.h */,
				F047112D1AAE087B005DF7AB /* PathEdge.m */,
				F04711291AAE0856005DF7AB /* PathNode.h */,
				F047112A1AAE0856005DF7AB /* PathNode.m */,
			);
			name = Graph;
			sourceTree = "<group>";
		};
/* End PBXGroup section */

/* Begin PBXNativeTarget section */
		F047111B1AADAD57005DF7AB /* OptimiseRoute */ = {
			isa = PBXNativeTarget;
			buildConfigurationList = F04711231AADAD57005DF7AB /* Build configuration list for PBXNativeTarget "OptimiseRoute" */;
			buildPhases = (
				F04711181AADAD57005DF7AB /* Sources */,
				F04711191AADAD57005DF7AB /* Frameworks */,
				F047111A1AADAD57005DF7AB /* CopyFiles */,
			);
			buildRules = (
			);
			dependencies = (
			);
			name = OptimiseRoute;
			productName = OptimiseRoute;
			productReference = F047111C1AADAD57005DF7AB /* OptimiseRoute */;
			productType = "com.apple.product-type.tool";
		};
/* End PBXNativeTarget section */

/* Begin PBXProject section */
		F04711141AADAD57005DF7AB /* Project object */ = {
			isa = PBXProject;
			attributes = {
				LastUpgradeCheck = 0610;
				ORGANIZATIONNAME = VaibhavPanchal;
				TargetAttributes = {
					F047111B1AADAD57005DF7AB = {
						CreatedOnToolsVersion = 6.1.1;
					};
				};
			};
			buildConfigurationList = F04711171AADAD57005DF7AB /* Build configuration list for PBXProject "OptimiseRoute" */;
			compatibilityVersion = "Xcode 3.2";
			developmentRegion = English;
			hasScannedForEncodings = 0;
			knownRegions = (
				en,
			);
			mainGroup = F04711131AADAD57005DF7AB;
			productRefGroup = F047111D1AADAD57005DF7AB /* Products */;
			projectDirPath = "";
			projectRoot = "";
			targets = (
				F047111B1AADAD57005DF7AB /* OptimiseRoute */,
			);
		};
/* End PBXProject section */

/* Begin PBXSourcesBuildPhase section */
		F04711181AADAD57005DF7AB /* Sources */ = {
			isa = PBXSourcesBuildPhase;
			buildActionMask = 2147483647;
			files = (
				F047112B1AAE0856005DF7AB /* PathNode.m in Sources */,
				F04711201AADAD57005DF7AB /* main.m in Sources */,
				F04711281AADEA3A005DF7AB /* PathGraph.m in Sources */,
				F047112E1AAE087B005DF7AB /* PathEdge.m in Sources */,
			);
			runOnlyForDeploymentPostprocessing = 0;
		};
/* End PBXSourcesBuildPhase section */

/* Begin XCBuildConfiguration section */
		F04711211AADAD57005DF7AB /* Debug */ = {
			isa = XCBuildConfiguration;
			buildSettings = {
				ALWAYS_SEARCH_USER_PATHS = NO;
				CLANG_CXX_LANGUAGE_STANDARD = "gnu++0x";
				CLANG_CXX_LIBRARY = "libc++";
				CLANG_ENABLE_MODULES = YES;
				CLANG_ENABLE_OBJC_ARC = YES;
				CLANG_WARN_BOOL_CONVERSION = YES;
				CLANG_WARN_CONSTANT_CONVERSION = YES;
				CLANG_WARN_DIRECT_OBJC_ISA_USAGE = YES_ERROR;
				CLANG_WARN_EMPTY_BODY = YES;
				CLANG_WARN_ENUM_CONVERSION = YES;
				CLANG_WARN_INT_CONVERSION = YES;
				CLANG_WARN_OBJC_ROOT_CLASS = YES_ERROR;
				CLANG_WARN_UNREACHABLE_CODE = YES;
				CLANG_WARN__DUPLICATE_METHOD_MATCH = YES;
				COPY_PHASE_STRIP = NO;
				ENABLE_STRICT_OBJC_MSGSEND = YES;
				GCC_C_LANGUAGE_STANDARD = gnu99;
				GCC_DYNAMIC_NO_PIC = NO;
				GCC_OPTIMIZATION_LEVEL = 0;
				GCC_PREPROCESSOR_DEFINITIONS = (
					"DEBUG=1",
					"$(inherited)",
				);
				GCC_SYMBOLS_PRIVATE_EXTERN = NO;
				GCC_WARN_64_TO_32_BIT_CONVERSION = YES;
				GCC_WARN_ABOUT_RETURN_TYPE = YES_ERROR;
				GCC_WARN_UNDECLARED_SELECTOR = YES;
				GCC_WARN_UNINITIALIZED_AUTOS = YES_AGGRESSIVE;
				GCC_WARN_UNUSED_FUNCTION = YES;
				GCC_WARN_UNUSED_VARIABLE = YES;
				MACOSX_DEPLOYMENT_TARGET = 10.10;
				MTL_ENABLE_DEBUG_INFO = YES;
				ONLY_ACTIVE_ARCH = YES;
				SDKROOT = macosx;
			};
			name = Debug;
		};
		F04711221AADAD57005DF7AB /* Release */ = {
			isa = XCBuildConfiguration;
			buildSettings = {
				ALWAYS_SEARCH_USER_PATHS = NO;
				CLANG_CXX_LANGUAGE_STANDARD = "gnu++0x";
				CLANG_CXX_LIBRARY = "libc++";
				CLANG_ENABLE_MODULES = YES;
				CLANG_ENABLE_OBJC_ARC = YES;
				CLANG_WARN_BOOL_CONVERSION = YES;
				CLANG_WARN_CONSTANT_CONVERSION = YES;
				CLANG_WARN_DIRECT_OBJC_ISA_USAGE = YES_ERROR;
				CLANG_WARN_EMPTY_BODY = YES;
				CLANG_WARN_ENUM_CONVERSION = YES;
				CLANG_WARN_INT_CONVERSION = YES;
				CLANG_WARN_OBJC_ROOT_CLASS = YES_ERROR;
				CLANG_WARN_UNREACHABLE_CODE = YES;
				CLANG_WARN__DUPLICATE_METHOD_MATCH = YES;
				COPY_PHASE_STRIP = YES;
				DEBUG_INFORMATION_FORMAT = "dwarf-with-dsym";
				ENABLE_NS_ASSERTIONS = NO;
				ENABLE_STRICT_OBJC_MSGSEND = YES;
				GCC_C_LANGUAGE_STANDARD = gnu99;
				GCC_WARN_64_TO_32_BIT_CONVERSION = YES;
				GCC_WARN_ABOUT_RETURN_TYPE = YES_ERROR;
				GCC_WARN_UNDECLARED_SELECTOR = YES;
				GCC_WARN_UNINITIALIZED_AUTOS = YES_AGGRESSIVE;
				GCC_WARN_UNUSED_FUNCTION = YES;
				GCC_WARN_UNUSED_VARIABLE = YES;
				MACOSX_DEPLOYMENT_TARGET = 10.10;
				MTL_ENABLE_DEBUG_INFO = NO;
				SDKROOT = macosx;
			};
			name = Release;
		};
		F04711241AADAD57005DF7AB /* Debug */ = {
			isa = XCBuildConfiguration;
			buildSettings = {
				PRODUCT_NAME = "$(TARGET_NAME)";
			};
			name = Debug;
		};
		F04711251AADAD57005DF7AB /* Release */ = {
			isa = XCBuildConfiguration;
			buildSettings = {
				PRODUCT_NAME = "$(TARGET_NAME)";
			};
			name = Release;
		};
/* End XCBuildConfiguration section */

/* Begin XCConfigurationList section */
		F04711171AADAD57005DF7AB /* Build configuration list for PBXProject "OptimiseRoute" */ = {
			isa = XCConfigurationList;
			buildConfigurations = (
				F04711211AADAD57005DF7AB /* Debug */,
				F04711221AADAD57005DF7AB /* Release */,
			);
			defaultConfigurationIsVisible = 0;
			defaultConfigurationName = Release;
		};
		F04711231AADAD57005DF7AB /* Build configuration list for PBXNativeTarget "OptimiseRoute" */ = {
			isa = XCConfigurationList;
			buildConfigurations = (
				F04711241AADAD57005DF7AB /* Debug */,
				F04711251AADAD57005DF7AB /* Release */,
			);
			defaultConfigurationIsVisible = 0;
		};
/* End XCConfigurationList section */
	};
	rootObject = F04711141AADAD57005DF7AB /* Project object */;
}
